Microsoft Visual Studio Solution File, Format Version 12.00
# Visual Studio Version 17
VisualStudioVersion = 17.5.2.0
MinimumVisualStudioVersion = 10.0.40219.1
Project("{FAE04EC0-301F-11D3-BF4B-00C04F79EFBC}") = "lab-4-madlibs-1-3jamees", "lab-4-madlibs-1-3jamees.csproj", "{70253594-F3CD-375C-0057-C69B80B1CF80}"
EndProject
Global
	GlobalSection(SolutionConfigurationPlatforms) = preSolution
		Debug|Any CPU = Debug|Any CPU
		Release|Any CPU = Release|Any CPU
	EndGlobalSection
	GlobalSection(ProjectConfigurationPlatforms) = postSolution
		{70253594-F3CD-375C-0057-C69B80B1CF80}.Debug|Any CPU.ActiveCfg = Debug|Any CPU
		{70253594-F3CD-375C-0057-C69B80B1CF80}.Debug|Any CPU.Build.0 = Debug|Any CPU
		{70253594-F3CD-375C-0057-C69B80B1CF80}.Release|Any CPU.ActiveCfg = Release|Any CPU
		{70253594-F3CD-375C-0057-C69B80B1CF80}.Release|Any CPU.Build.0 = Release|Any CPU
	EndGlobalSection
	GlobalSection(SolutionProperties) = preSolution
		HideSolutionNode = FALSE
	EndGlobalSection
	GlobalSection(ExtensibilityGlobals) = postSolution
		SolutionGuid = {C7699ECC-09AB-40F5-95D5-95E71273E77A}
	EndGlobalSection
EndGlobal
